
Microsoft Visual Studio Solution File, Format Version 12.00
# Visual Studio Version 16
VisualStudioVersion = 16.0.31515.178
MinimumVisualStudioVersion = 10.0.40219.1
Project("{FAE04EC0-301F-11D3-BF4B-00C04F79EFBC}") = "ProyectoWebV2", "ProyectoWebV2\ProyectoWebV2.csproj", "{4873BE8C-1CC5-4F8A-B8B3-943F3E7E014E}"
EndProject
Global
	GlobalSection(SolutionConfigurationPlatforms) = preSolution
		Debug|Any CPU = Debug|Any CPU
		Release|Any CPU = Release|Any CPU
	EndGlobalSection
	GlobalSection(ProjectConfigurationPlatforms) = postSolution
		{4873BE8C-1CC5-4F8A-B8B3-943F3E7E014E}.Debug|Any CPU.ActiveCfg = Debug|Any CPU
		{4873BE8C-1CC5-4F8A-B8B3-943F3E7E014E}.Debug|Any CPU.Build.0 = Debug|Any CPU
		{4873BE8C-1CC5-4F8A-B8B3-943F3E7E014E}.Release|Any CPU.ActiveCfg = Release|Any CPU
		{4873BE8C-1CC5-4F8A-B8B3-943F3E7E014E}.Release|Any CPU.Build.0 = Release|Any CPU
	EndGlobalSection
	GlobalSection(SolutionProperties) = preSolution
		HideSolutionNode = FALSE
	EndGlobalSection
	GlobalSection(ExtensibilityGlobals) = postSolution
		SolutionGuid = {8B53FAAD-B42E-46F9-92FB-DE1B7F4EBB95}
	EndGlobalSection
EndGlobal
